<?xml version="1.0" encoding="UTF-8" standalone="yes" ?>
<CodeBlocks_project_file>
	<FileVersion major="1" minor="6" />
	<Project>
		<Option title="nestris" />
		<Option pch_mode="2" />
		<Option compiler="gcc" />
		<Build>
			<Target title="Debug">
				<Option output="bin/Debug/nestris" prefix_auto="1" extension_auto="1" />
				<Option object_output="obj/Debug/" />
				<Option type="1" />
				<Option compiler="gcc" />
				<Compiler>
					<Add option="-g" />
					<Add option="-Wno-reorder" />
					<Add option="-DSFML_STATIC" />
					<Add directory="include" />
					<Add directory="../SFML-2.5.1/include" />
				</Compiler>
				<Linker>
					<Add library="sfml-graphics-d" />
					<Add library="sfml-window-d" />
					<Add library="sfml-system-d" />
					<Add directory="../SFML-2.5.1/lib" />
				</Linker>
			</Target>
			<Target title="Release">
				<Option output="bin/Release/nestris" prefix_auto="1" extension_auto="1" />
				<Option object_output="obj/Release/" />
				<Option type="1" />
				<Option compiler="gcc" />
				<Compiler>
					<Add option="-O2" />
					<Add option="-Wno-reorder" />
					<Add directory="include" />
				</Compiler>
				<Linker>
					<Add option="-s" />
					<Add library="sfml-graphics" />
					<Add library="sfml-window" />
					<Add library="sfml-system" />
				</Linker>
			</Target>
		</Build>
		<Compiler>
			<Add option="-Wall" />
			<Add directory="src" />
			<Add directory="include" />
			<Add directory="../nestris" />
			<Add directory="../SFML-2.5.1/include" />
		</Compiler>
		<ResourceCompiler>
			<Add directory="include" />
			<Add directory="src" />
			<Add directory="../nestris" />
		</ResourceCompiler>
		<Linker>
			<Add directory="../SFML-2.5.1/lib" />
		</Linker>
		<Unit filename="include/ActiveInputs.h" />
		<Unit filename="include/Engine.h" />
		<Unit filename="include/Input.h" />
		<Unit filename="include/RenderLevelSelect.h" />
		<Unit filename="include/Renderer.h" />
		<Unit filename="include/TileContainer.h" />
		<Unit filename="include/TileRenderer.h" />
		<Unit filename="include/Window.h" />
		<Unit filename="include/enums.h" />
		<Unit filename="include/random.h" />
		<Unit filename="nestris.cpp" />
		<Unit filename="src/ActiveInputs.cpp" />
		<Unit filename="src/Engine.cpp" />
		<Unit filename="src/Input.cpp" />
		<Unit filename="src/RenderLevelSelect.cpp" />
		<Unit filename="src/Renderer.cpp" />
		<Unit filename="src/TileContainer.cpp" />
		<Unit filename="src/TileRenderer.cpp" />
		<Unit filename="src/Window.cpp" />
		<Unit filename="src/enums.cpp" />
		<Unit filename="src/random.cpp" />
		<Extensions>
			<code_completion />
			<envvars />
			<debugger />
			<lib_finder disable_auto="1" />
			<DoxyBlocks>
				<comment_style block="0" line="0" />
				<doxyfile_project />
				<doxyfile_build />
				<doxyfile_warnings />
				<doxyfile_output />
				<doxyfile_dot />
				<general />
			</DoxyBlocks>
		</Extensions>
	</Project>
</CodeBlocks_project_file>
