<?xml version="1.0" encoding="utf-8"?>
<Project ToolsVersion="4.0" xmlns="http://schemas.microsoft.com/developer/msbuild/2003">
  <ItemGroup>
    <Filter Include="Include">
      <UniqueIdentifier>{93995380-89BD-4b04-88EB-625FBE52EBFB}</UniqueIdentifier>
      <Extensions>h;hh;hpp;hxx;hm;inl;inc;ipp;xsd</Extensions>
    </Filter>
    <Filter Include="Source">
      <UniqueIdentifier>{67DA6AB6-F800-4c08-8B7A-83BB121AAD01}</UniqueIdentifier>
      <Extensions>rc;ico;cur;bmp;dlg;rc2;rct;bin;rgs;gif;jpg;jpeg;jpe;resx;tiff;tif;png;wav;mfcribbon-ms</Extensions>
    </Filter>
    <Filter Include="Main">
      <UniqueIdentifier>{4FC737F1-C7A5-4376-A066-2A32D752A2FF}</UniqueIdentifier>
      <Extensions>cpp;c;cc;cxx;def;odl;idl;hpj;bat;asm;asmx</Extensions>
    </Filter>
  </ItemGroup>
  <ItemGroup>
    <ClCompile Include="NESTRIS.cpp">
      <Filter>Main</Filter>
    </ClCompile>
    <ClCompile Include="src\ActiveInputs.cpp">
      <Filter>Source</Filter>
    </ClCompile>
    <ClCompile Include="src\APU.cpp">
      <Filter>Source</Filter>
    </ClCompile>
    <ClCompile Include="src\ConfigReader.cpp">
      <Filter>Source</Filter>
    </ClCompile>
    <ClCompile Include="src\ConsoleManager.cpp">
      <Filter>Source</Filter>
    </ClCompile>
    <ClCompile Include="src\Engine.cpp">
      <Filter>Source</Filter>
    </ClCompile>
    <ClCompile Include="src\enums.cpp">
      <Filter>Source</Filter>
    </ClCompile>
    <ClCompile Include="src\Input.cpp">
      <Filter>Source</Filter>
    </ClCompile>
    <ClCompile Include="src\LevelLines.cpp">
      <Filter>Source</Filter>
    </ClCompile>
    <ClCompile Include="src\MatrixContainer.cpp">
      <Filter>Source</Filter>
    </ClCompile>
    <ClCompile Include="src\OutputInfo.cpp">
      <Filter>Source</Filter>
    </ClCompile>
    <ClCompile Include="src\PFMatrix.cpp">
      <Filter>Source</Filter>
    </ClCompile>
    <ClCompile Include="src\Piece.cpp">
      <Filter>Source</Filter>
    </ClCompile>
    <ClCompile Include="src\PieceContainer.cpp">
      <Filter>Source</Filter>
    </ClCompile>
    <ClCompile Include="src\random.cpp">
      <Filter>Source</Filter>
    </ClCompile>
    <ClCompile Include="src\Renderer.cpp">
      <Filter>Source</Filter>
    </ClCompile>
    <ClCompile Include="src\RenderHighScore.cpp">
      <Filter>Source</Filter>
    </ClCompile>
    <ClCompile Include="src\RenderLevelSelect.cpp">
      <Filter>Source</Filter>
    </ClCompile>
    <ClCompile Include="src\RenderPlayField.cpp">
      <Filter>Source</Filter>
    </ClCompile>
    <ClCompile Include="src\Score.cpp">
      <Filter>Source</Filter>
    </ClCompile>
    <ClCompile Include="src\Sound.cpp">
      <Filter>Source</Filter>
    </ClCompile>
    <ClCompile Include="src\Sprite.cpp">
      <Filter>Source</Filter>
    </ClCompile>
    <ClCompile Include="src\Statistics.cpp">
      <Filter>Source</Filter>
    </ClCompile>
    <ClCompile Include="src\TextWriter.cpp">
      <Filter>Source</Filter>
    </ClCompile>
    <ClCompile Include="src\TileContainer.cpp">
      <Filter>Source</Filter>
    </ClCompile>
    <ClCompile Include="src\TileRenderer.cpp">
      <Filter>Source</Filter>
    </ClCompile>
    <ClCompile Include="src\Window.cpp">
      <Filter>Source</Filter>
    </ClCompile>
  </ItemGroup>
  <ItemGroup>
    <ClInclude Include="include\ActiveInputs.hpp">
      <Filter>Include</Filter>
    </ClInclude>
    <ClInclude Include="include\APU.hpp">
      <Filter>Include</Filter>
    </ClInclude>
    <ClInclude Include="include\ConfigReader.hpp">
      <Filter>Include</Filter>
    </ClInclude>
    <ClInclude Include="include\ConsoleManager.hpp">
      <Filter>Include</Filter>
    </ClInclude>
    <ClInclude Include="include\Engine.hpp">
      <Filter>Include</Filter>
    </ClInclude>
    <ClInclude Include="include\enums.hpp">
      <Filter>Include</Filter>
    </ClInclude>
    <ClInclude Include="include\Input.hpp">
      <Filter>Include</Filter>
    </ClInclude>
    <ClInclude Include="include\LevelLines.hpp">
      <Filter>Include</Filter>
    </ClInclude>
    <ClInclude Include="include\MatrixContainer.hpp">
      <Filter>Include</Filter>
    </ClInclude>
    <ClInclude Include="include\OutputInfo.hpp">
      <Filter>Include</Filter>
    </ClInclude>
    <ClInclude Include="include\PFMatrix.hpp">
      <Filter>Include</Filter>
    </ClInclude>
    <ClInclude Include="include\Piece.hpp">
      <Filter>Include</Filter>
    </ClInclude>
    <ClInclude Include="include\PieceContainer.hpp">
      <Filter>Include</Filter>
    </ClInclude>
    <ClInclude Include="include\random.hpp">
      <Filter>Include</Filter>
    </ClInclude>
    <ClInclude Include="include\Renderer.hpp">
      <Filter>Include</Filter>
    </ClInclude>
    <ClInclude Include="include\RenderHighScore.hpp">
      <Filter>Include</Filter>
    </ClInclude>
    <ClInclude Include="include\RenderLevelSelect.hpp">
      <Filter>Include</Filter>
    </ClInclude>
    <ClInclude Include="include\RenderPlayField.hpp">
      <Filter>Include</Filter>
    </ClInclude>
    <ClInclude Include="include\Score.hpp">
      <Filter>Include</Filter>
    </ClInclude>
    <ClInclude Include="include\Sound.hpp">
      <Filter>Include</Filter>
    </ClInclude>
    <ClInclude Include="include\Sprite.hpp">
      <Filter>Include</Filter>
    </ClInclude>
    <ClInclude Include="include\Statistics.hpp">
      <Filter>Include</Filter>
    </ClInclude>
    <ClInclude Include="include\TextWriter.hpp">
      <Filter>Include</Filter>
    </ClInclude>
    <ClInclude Include="include\TileContainer.hpp">
      <Filter>Include</Filter>
    </ClInclude>
    <ClInclude Include="include\TileRenderer.hpp">
      <Filter>Include</Filter>
    </ClInclude>
    <ClInclude Include="include\Window.hpp">
      <Filter>Include</Filter>
    </ClInclude>
    <ClInclude Include="include\rlutil.h">
      <Filter>Include</Filter>
    </ClInclude>
  </ItemGroup>
</Project>